
Microsoft Visual Studio Solution File, Format Version 12.00
# Visual Studio Version 17
VisualStudioVersion = 17.1.32328.378
MinimumVisualStudioVersion = 10.0.40219.1
Project("{2150E333-8FDC-42A3-9474-1A3956D46DE8}") = "Internal", "Internal", "{226F3236-502F-439B-8320-8F04750626A7}"
EndProject
Project("{2150E333-8FDC-42A3-9474-1A3956D46DE8}") = "QActions", "QActions", "{8DD765A0-D86D-4CD8-B1C7-F36E0E4EBA56}"
EndProject
Project("{2150E333-8FDC-42A3-9474-1A3956D46DE8}") = "Dlls", "Dlls", "{1588FF97-AAF9-47D5-B7C4-8378F820DC3E}"
	ProjectSection(SolutionItems) = preProject
		Dlls\readme.txt = Dlls\readme.txt
	EndProjectSection
EndProject
Project("{2150E333-8FDC-42A3-9474-1A3956D46DE8}") = "Documentation", "Documentation", "{1D14AAC3-A010-4366-BE94-D756B337DD1B}"
	ProjectSection(SolutionItems) = preProject
		QAction_1\Rates\RateHelper.cd = QAction_1\Rates\RateHelper.cd
		Documentation\readme.txt = Documentation\readme.txt
		QAction_1\Rates\SnmpRateHelper.cd = QAction_1\Rates\SnmpRateHelper.cd
	EndProjectSection
EndProject
Project("{2150E333-8FDC-42A3-9474-1A3956D46DE8}") = "Solution Items", "Solution Items", "{2FB3B8A9-2E0E-453C-8626-AAA2AFB918A1}"
	ProjectSection(SolutionItems) = preProject
		protocol.xml = protocol.xml
	EndProjectSection
EndProject
Project("{2150E333-8FDC-42A3-9474-1A3956D46DE8}") = "Code Analysis", "Code Analysis", "{BA8D37E1-94BA-4541-8CCC-FB5AEE2952A5}"
	ProjectSection(SolutionItems) = preProject
		Internal\Code Analysis\qaction-debug.ruleset = Internal\Code Analysis\qaction-debug.ruleset
		Internal\Code Analysis\qaction-release.ruleset = Internal\Code Analysis\qaction-release.ruleset
	EndProjectSection
EndProject
Project("{FAE04EC0-301F-11D3-BF4B-00C04F79EFBC}") = "QAction_Helper", "QAction_Helper\QAction_Helper.csproj", "{B35B5DD3-687E-4FA6-BE99-0FA533DB143C}"
EndProject
Project("{FAE04EC0-301F-11D3-BF4B-00C04F79EFBC}") = "QAction_1", "QAction_1\QAction_1.csproj", "{CD9BAD5F-3BB9-4675-ABF3-873FD6D45C92}"
EndProject
Project("{FAE04EC0-301F-11D3-BF4B-00C04F79EFBC}") = "QAction_2", "QAction_2\QAction_2.csproj", "{AD233081-7E1E-4DA9-B18E-9400BCFC1E2D}"
EndProject
Project("{FAE04EC0-301F-11D3-BF4B-00C04F79EFBC}") = "QAction_1Tests", "QAction_1Tests\QAction_1Tests.csproj", "{7097BE62-766B-4B50-94B2-A3F2D45ECE22}"
EndProject
Project("{2150E333-8FDC-42A3-9474-1A3956D46DE8}") = "Tests", "Tests", "{0C6A8141-2633-49BB-9565-A76D586B2F45}"
EndProject
Project("{FAE04EC0-301F-11D3-BF4B-00C04F79EFBC}") = "QAction_991", "QAction_991\QAction_991.csproj", "{B3BA3B69-81A9-4D86-BA44-E804BDC0B33F}"
EndProject
Project("{FAE04EC0-301F-11D3-BF4B-00C04F79EFBC}") = "QAction_995", "QAction_995\QAction_995.csproj", "{113E8D07-8C22-4D5F-8DB6-4B089ECBD7F5}"
EndProject
Project("{FAE04EC0-301F-11D3-BF4B-00C04F79EFBC}") = "QAction_91", "QAction_91\QAction_91.csproj", "{2DE08660-0C2C-4F6A-8106-9B2635CFCCFF}"
EndProject
Global
	GlobalSection(SolutionConfigurationPlatforms) = preSolution
		Debug|Any CPU = Debug|Any CPU
		Release|Any CPU = Release|Any CPU
	EndGlobalSection
	GlobalSection(ProjectConfigurationPlatforms) = postSolution
		{B35B5DD3-687E-4FA6-BE99-0FA533DB143C}.Debug|Any CPU.ActiveCfg = Debug|Any CPU
		{B35B5DD3-687E-4FA6-BE99-0FA533DB143C}.Debug|Any CPU.Build.0 = Debug|Any CPU
		{B35B5DD3-687E-4FA6-BE99-0FA533DB143C}.Release|Any CPU.ActiveCfg = Release|Any CPU
		{B35B5DD3-687E-4FA6-BE99-0FA533DB143C}.Release|Any CPU.Build.0 = Release|Any CPU
		{CD9BAD5F-3BB9-4675-ABF3-873FD6D45C92}.Debug|Any CPU.ActiveCfg = Debug|Any CPU
		{CD9BAD5F-3BB9-4675-ABF3-873FD6D45C92}.Debug|Any CPU.Build.0 = Debug|Any CPU
		{CD9BAD5F-3BB9-4675-ABF3-873FD6D45C92}.Release|Any CPU.ActiveCfg = Release|Any CPU
		{CD9BAD5F-3BB9-4675-ABF3-873FD6D45C92}.Release|Any CPU.Build.0 = Release|Any CPU
		{AD233081-7E1E-4DA9-B18E-9400BCFC1E2D}.Debug|Any CPU.ActiveCfg = Debug|Any CPU
		{AD233081-7E1E-4DA9-B18E-9400BCFC1E2D}.Debug|Any CPU.Build.0 = Debug|Any CPU
		{AD233081-7E1E-4DA9-B18E-9400BCFC1E2D}.Release|Any CPU.ActiveCfg = Release|Any CPU
		{AD233081-7E1E-4DA9-B18E-9400BCFC1E2D}.Release|Any CPU.Build.0 = Release|Any CPU
		{7097BE62-766B-4B50-94B2-A3F2D45ECE22}.Debug|Any CPU.ActiveCfg = Debug|Any CPU
		{7097BE62-766B-4B50-94B2-A3F2D45ECE22}.Debug|Any CPU.Build.0 = Debug|Any CPU
		{7097BE62-766B-4B50-94B2-A3F2D45ECE22}.Release|Any CPU.ActiveCfg = Release|Any CPU
		{7097BE62-766B-4B50-94B2-A3F2D45ECE22}.Release|Any CPU.Build.0 = Release|Any CPU
		{B3BA3B69-81A9-4D86-BA44-E804BDC0B33F}.Debug|Any CPU.ActiveCfg = Debug|Any CPU
		{B3BA3B69-81A9-4D86-BA44-E804BDC0B33F}.Debug|Any CPU.Build.0 = Debug|Any CPU
		{B3BA3B69-81A9-4D86-BA44-E804BDC0B33F}.Release|Any CPU.ActiveCfg = Release|Any CPU
		{B3BA3B69-81A9-4D86-BA44-E804BDC0B33F}.Release|Any CPU.Build.0 = Release|Any CPU
		{113E8D07-8C22-4D5F-8DB6-4B089ECBD7F5}.Debug|Any CPU.ActiveCfg = Debug|Any CPU
		{113E8D07-8C22-4D5F-8DB6-4B089ECBD7F5}.Debug|Any CPU.Build.0 = Debug|Any CPU
		{113E8D07-8C22-4D5F-8DB6-4B089ECBD7F5}.Release|Any CPU.ActiveCfg = Release|Any CPU
		{113E8D07-8C22-4D5F-8DB6-4B089ECBD7F5}.Release|Any CPU.Build.0 = Release|Any CPU
		{2DE08660-0C2C-4F6A-8106-9B2635CFCCFF}.Debug|Any CPU.ActiveCfg = Debug|Any CPU
		{2DE08660-0C2C-4F6A-8106-9B2635CFCCFF}.Debug|Any CPU.Build.0 = Debug|Any CPU
		{2DE08660-0C2C-4F6A-8106-9B2635CFCCFF}.Release|Any CPU.ActiveCfg = Release|Any CPU
		{2DE08660-0C2C-4F6A-8106-9B2635CFCCFF}.Release|Any CPU.Build.0 = Release|Any CPU
	EndGlobalSection
	GlobalSection(SolutionProperties) = preSolution
		HideSolutionNode = FALSE
	EndGlobalSection
	GlobalSection(NestedProjects) = preSolution
		{BA8D37E1-94BA-4541-8CCC-FB5AEE2952A5} = {226F3236-502F-439B-8320-8F04750626A7}
		{B35B5DD3-687E-4FA6-BE99-0FA533DB143C} = {226F3236-502F-439B-8320-8F04750626A7}
		{CD9BAD5F-3BB9-4675-ABF3-873FD6D45C92} = {8DD765A0-D86D-4CD8-B1C7-F36E0E4EBA56}
		{AD233081-7E1E-4DA9-B18E-9400BCFC1E2D} = {8DD765A0-D86D-4CD8-B1C7-F36E0E4EBA56}
		{7097BE62-766B-4B50-94B2-A3F2D45ECE22} = {0C6A8141-2633-49BB-9565-A76D586B2F45}
		{B3BA3B69-81A9-4D86-BA44-E804BDC0B33F} = {8DD765A0-D86D-4CD8-B1C7-F36E0E4EBA56}
		{113E8D07-8C22-4D5F-8DB6-4B089ECBD7F5} = {8DD765A0-D86D-4CD8-B1C7-F36E0E4EBA56}
		{2DE08660-0C2C-4F6A-8106-9B2635CFCCFF} = {8DD765A0-D86D-4CD8-B1C7-F36E0E4EBA56}
	EndGlobalSection
	GlobalSection(ExtensibilityGlobals) = postSolution
		SolutionGuid = {620D3B24-7AF6-4861-B6FB-4754C3B61022}
	EndGlobalSection
EndGlobal
